# This file is automatically @generated by Poetry 1.6.1 and should not be changed by hand.

[[package]]
name = "pip"
version = "24.0"
description = "The PyPA recommended tool for installing Python packages."
optional = false
python-versions = ">=3.7"
files = [
    {file = "pip-24.0-py3-none-any.whl", hash = "sha256:ba0d021a166865d2265246961bec0152ff124de910c5cc39f1156ce3fa7c69dc"},
    {file = "pip-24.0.tar.gz", hash = "sha256:ea9bd1a847e8c5774a5777bb398c19e80bcd4e2aa16a4b301b718fe6f593aba2"},
]

[metadata]
lock-version = "2.0"
python-versions = "^3.9"
content-hash = "65cbc0c186aa396905623013855f02af22cdf065cd85fbd92d6f29b7ff7f74c7"
